
Microsoft Visual Studio Solution File, Format Version 12.00
# Visual Studio 14
VisualStudioVersion = 14.0.25420.1
MinimumVisualStudioVersion = 10.0.40219.1
Project("{FAE04EC0-301F-11D3-BF4B-00C04F79EFBC}") = "ReactiveUI.Autofac", "ReactiveUI.Autofac\ReactiveUI.Autofac.csproj", "{D5EAB17E-9401-4A9C-9F46-274D65B26F40}"
EndProject
Global
	GlobalSection(SolutionConfigurationPlatforms) = preSolution
		Debug|Any CPU = Debug|Any CPU
		Release|Any CPU = Release|Any CPU
	EndGlobalSection
	GlobalSection(ProjectConfigurationPlatforms) = postSolution
		{D5EAB17E-9401-4A9C-9F46-274D65B26F40}.Debug|Any CPU.ActiveCfg = Debug|Any CPU
		{D5EAB17E-9401-4A9C-9F46-274D65B26F40}.Debug|Any CPU.Build.0 = Debug|Any CPU
		{D5EAB17E-9401-4A9C-9F46-274D65B26F40}.Release|Any CPU.ActiveCfg = Release|Any CPU
		{D5EAB17E-9401-4A9C-9F46-274D65B26F40}.Release|Any CPU.Build.0 = Release|Any CPU
	EndGlobalSection
	GlobalSection(SolutionProperties) = preSolution
		HideSolutionNode = FALSE
	EndGlobalSection
EndGlobal
